
Microsoft Visual Studio Solution File, Format Version 12.00
# Visual Studio 15
VisualStudioVersion = 15.0.28010.2041
MinimumVisualStudioVersion = 10.0.40219.1
Project("{9A19103F-16F7-4668-BE54-9A1E7A4F7556}") = "Docodo", "Docodo.csproj", "{88149718-0468-4A24-9DB8-229B3F2B86D8}"
EndProject
Project("{9A19103F-16F7-4668-BE54-9A1E7A4F7556}") = "Docodo.NET", "Docodo.NET\Docodo.NET.csproj", "{15B09E57-1A9F-4802-8B73-506FF0167A22}"
EndProject
Project("{9A19103F-16F7-4668-BE54-9A1E7A4F7556}") = "XUnitDocodoTest", "XUnitDocodoTest\XUnitDocodoTest.csproj", "{6CEE9567-40A8-40D4-8903-D7ACB7AC540D}"
EndProject
Project("{FAE04EC0-301F-11D3-BF4B-00C04F79EFBC}") = "PdfSharpTextExtractor", "PdfSharpTextExtractor\PdfSharpTextExtractor.csproj", "{5CC516AF-F59A-4119-86E6-142E17276580}"
EndProject
Global
	GlobalSection(SolutionConfigurationPlatforms) = preSolution
		Debug|Any CPU = Debug|Any CPU
		Debug|arm = Debug|arm
		Debug|arm64 = Debug|arm64
		Debug|iPhone = Debug|iPhone
		Debug|iPhoneSimulator = Debug|iPhoneSimulator
		Debug|x64 = Debug|x64
		Debug|x86 = Debug|x86
		Release|Any CPU = Release|Any CPU
		Release|arm = Release|arm
		Release|arm64 = Release|arm64
		Release|iPhone = Release|iPhone
		Release|iPhoneSimulator = Release|iPhoneSimulator
		Release|x64 = Release|x64
		Release|x86 = Release|x86
	EndGlobalSection
	GlobalSection(ProjectConfigurationPlatforms) = postSolution
		{88149718-0468-4A24-9DB8-229B3F2B86D8}.Debug|Any CPU.ActiveCfg = Debug|Any CPU
		{88149718-0468-4A24-9DB8-229B3F2B86D8}.Debug|Any CPU.Build.0 = Debug|Any CPU
		{88149718-0468-4A24-9DB8-229B3F2B86D8}.Debug|arm.ActiveCfg = Debug|Any CPU
		{88149718-0468-4A24-9DB8-229B3F2B86D8}.Debug|arm.Build.0 = Debug|Any CPU
		{88149718-0468-4A24-9DB8-229B3F2B86D8}.Debug|arm64.ActiveCfg = Debug|Any CPU
		{88149718-0468-4A24-9DB8-229B3F2B86D8}.Debug|arm64.Build.0 = Debug|Any CPU
		{88149718-0468-4A24-9DB8-229B3F2B86D8}.Debug|iPhone.ActiveCfg = Debug|Any CPU
		{88149718-0468-4A24-9DB8-229B3F2B86D8}.Debug|iPhone.Build.0 = Debug|Any CPU
		{88149718-0468-4A24-9DB8-229B3F2B86D8}.Debug|iPhoneSimulator.ActiveCfg = Debug|Any CPU
		{88149718-0468-4A24-9DB8-229B3F2B86D8}.Debug|iPhoneSimulator.Build.0 = Debug|Any CPU
		{88149718-0468-4A24-9DB8-229B3F2B86D8}.Debug|x64.ActiveCfg = Debug|x64
		{88149718-0468-4A24-9DB8-229B3F2B86D8}.Debug|x64.Build.0 = Debug|x64
		{88149718-0468-4A24-9DB8-229B3F2B86D8}.Debug|x86.ActiveCfg = Debug|Any CPU
		{88149718-0468-4A24-9DB8-229B3F2B86D8}.Debug|x86.Build.0 = Debug|Any CPU
		{88149718-0468-4A24-9DB8-229B3F2B86D8}.Release|Any CPU.ActiveCfg = Release|Any CPU
		{88149718-0468-4A24-9DB8-229B3F2B86D8}.Release|Any CPU.Build.0 = Release|Any CPU
		{88149718-0468-4A24-9DB8-229B3F2B86D8}.Release|arm.ActiveCfg = Release|Any CPU
		{88149718-0468-4A24-9DB8-229B3F2B86D8}.Release|arm.Build.0 = Release|Any CPU
		{88149718-0468-4A24-9DB8-229B3F2B86D8}.Release|arm64.ActiveCfg = Release|Any CPU
		{88149718-0468-4A24-9DB8-229B3F2B86D8}.Release|arm64.Build.0 = Release|Any CPU
		{88149718-0468-4A24-9DB8-229B3F2B86D8}.Release|iPhone.ActiveCfg = Release|Any CPU
		{88149718-0468-4A24-9DB8-229B3F2B86D8}.Release|iPhone.Build.0 = Release|Any CPU
		{88149718-0468-4A24-9DB8-229B3F2B86D8}.Release|iPhoneSimulator.ActiveCfg = Release|Any CPU
		{88149718-0468-4A24-9DB8-229B3F2B86D8}.Release|iPhoneSimulator.Build.0 = Release|Any CPU
		{88149718-0468-4A24-9DB8-229B3F2B86D8}.Release|x64.ActiveCfg = Release|x64
		{88149718-0468-4A24-9DB8-229B3F2B86D8}.Release|x64.Build.0 = Release|x64
		{88149718-0468-4A24-9DB8-229B3F2B86D8}.Release|x86.ActiveCfg = Release|Any CPU
		{88149718-0468-4A24-9DB8-229B3F2B86D8}.Release|x86.Build.0 = Release|Any CPU
		{15B09E57-1A9F-4802-8B73-506FF0167A22}.Debug|Any CPU.ActiveCfg = Debug|Any CPU
		{15B09E57-1A9F-4802-8B73-506FF0167A22}.Debug|Any CPU.Build.0 = Debug|Any CPU
		{15B09E57-1A9F-4802-8B73-506FF0167A22}.Debug|arm.ActiveCfg = Debug|Any CPU
		{15B09E57-1A9F-4802-8B73-506FF0167A22}.Debug|arm.Build.0 = Debug|Any CPU
		{15B09E57-1A9F-4802-8B73-506FF0167A22}.Debug|arm64.ActiveCfg = Debug|Any CPU
		{15B09E57-1A9F-4802-8B73-506FF0167A22}.Debug|arm64.Build.0 = Debug|Any CPU
		{15B09E57-1A9F-4802-8B73-506FF0167A22}.Debug|iPhone.ActiveCfg = Debug|Any CPU
		{15B09E57-1A9F-4802-8B73-506FF0167A22}.Debug|iPhone.Build.0 = Debug|Any CPU
		{15B09E57-1A9F-4802-8B73-506FF0167A22}.Debug|iPhoneSimulator.ActiveCfg = Debug|Any CPU
		{15B09E57-1A9F-4802-8B73-506FF0167A22}.Debug|iPhoneSimulator.Build.0 = Debug|Any CPU
		{15B09E57-1A9F-4802-8B73-506FF0167A22}.Debug|x64.ActiveCfg = Debug|Any CPU
		{15B09E57-1A9F-4802-8B73-506FF0167A22}.Debug|x64.Build.0 = Debug|Any CPU
		{15B09E57-1A9F-4802-8B73-506FF0167A22}.Debug|x86.ActiveCfg = Debug|Any CPU
		{15B09E57-1A9F-4802-8B73-506FF0167A22}.Debug|x86.Build.0 = Debug|Any CPU
		{15B09E57-1A9F-4802-8B73-506FF0167A22}.Release|Any CPU.ActiveCfg = Release|Any CPU
		{15B09E57-1A9F-4802-8B73-506FF0167A22}.Release|Any CPU.Build.0 = Release|Any CPU
		{15B09E57-1A9F-4802-8B73-506FF0167A22}.Release|arm.ActiveCfg = Release|Any CPU
		{15B09E57-1A9F-4802-8B73-506FF0167A22}.Release|arm.Build.0 = Release|Any CPU
		{15B09E57-1A9F-4802-8B73-506FF0167A22}.Release|arm64.ActiveCfg = Release|Any CPU
		{15B09E57-1A9F-4802-8B73-506FF0167A22}.Release|arm64.Build.0 = Release|Any CPU
		{15B09E57-1A9F-4802-8B73-506FF0167A22}.Release|iPhone.ActiveCfg = Release|Any CPU
		{15B09E57-1A9F-4802-8B73-506FF0167A22}.Release|iPhone.Build.0 = Release|Any CPU
		{15B09E57-1A9F-4802-8B73-506FF0167A22}.Release|iPhoneSimulator.ActiveCfg = Release|Any CPU
		{15B09E57-1A9F-4802-8B73-506FF0167A22}.Release|iPhoneSimulator.Build.0 = Release|Any CPU
		{15B09E57-1A9F-4802-8B73-506FF0167A22}.Release|x64.ActiveCfg = Release|Any CPU
		{15B09E57-1A9F-4802-8B73-506FF0167A22}.Release|x64.Build.0 = Release|Any CPU
		{15B09E57-1A9F-4802-8B73-506FF0167A22}.Release|x86.ActiveCfg = Release|Any CPU
		{15B09E57-1A9F-4802-8B73-506FF0167A22}.Release|x86.Build.0 = Release|Any CPU
		{6CEE9567-40A8-40D4-8903-D7ACB7AC540D}.Debug|Any CPU.ActiveCfg = Debug|Any CPU
		{6CEE9567-40A8-40D4-8903-D7ACB7AC540D}.Debug|Any CPU.Build.0 = Debug|Any CPU
		{6CEE9567-40A8-40D4-8903-D7ACB7AC540D}.Debug|arm.ActiveCfg = Debug|Any CPU
		{6CEE9567-40A8-40D4-8903-D7ACB7AC540D}.Debug|arm.Build.0 = Debug|Any CPU
		{6CEE9567-40A8-40D4-8903-D7ACB7AC540D}.Debug|arm64.ActiveCfg = Debug|Any CPU
		{6CEE9567-40A8-40D4-8903-D7ACB7AC540D}.Debug|arm64.Build.0 = Debug|Any CPU
		{6CEE9567-40A8-40D4-8903-D7ACB7AC540D}.Debug|iPhone.ActiveCfg = Debug|Any CPU
		{6CEE9567-40A8-40D4-8903-D7ACB7AC540D}.Debug|iPhone.Build.0 = Debug|Any CPU
		{6CEE9567-40A8-40D4-8903-D7ACB7AC540D}.Debug|iPhoneSimulator.ActiveCfg = Debug|Any CPU
		{6CEE9567-40A8-40D4-8903-D7ACB7AC540D}.Debug|iPhoneSimulator.Build.0 = Debug|Any CPU
		{6CEE9567-40A8-40D4-8903-D7ACB7AC540D}.Debug|x64.ActiveCfg = Debug|Any CPU
		{6CEE9567-40A8-40D4-8903-D7ACB7AC540D}.Debug|x64.Build.0 = Debug|Any CPU
		{6CEE9567-40A8-40D4-8903-D7ACB7AC540D}.Debug|x86.ActiveCfg = Debug|Any CPU
		{6CEE9567-40A8-40D4-8903-D7ACB7AC540D}.Debug|x86.Build.0 = Debug|Any CPU
		{6CEE9567-40A8-40D4-8903-D7ACB7AC540D}.Release|Any CPU.ActiveCfg = Release|Any CPU
		{6CEE9567-40A8-40D4-8903-D7ACB7AC540D}.Release|Any CPU.Build.0 = Release|Any CPU
		{6CEE9567-40A8-40D4-8903-D7ACB7AC540D}.Release|arm.ActiveCfg = Release|Any CPU
		{6CEE9567-40A8-40D4-8903-D7ACB7AC540D}.Release|arm.Build.0 = Release|Any CPU
		{6CEE9567-40A8-40D4-8903-D7ACB7AC540D}.Release|arm64.ActiveCfg = Release|Any CPU
		{6CEE9567-40A8-40D4-8903-D7ACB7AC540D}.Release|arm64.Build.0 = Release|Any CPU
		{6CEE9567-40A8-40D4-8903-D7ACB7AC540D}.Release|iPhone.ActiveCfg = Release|Any CPU
		{6CEE9567-40A8-40D4-8903-D7ACB7AC540D}.Release|iPhone.Build.0 = Release|Any CPU
		{6CEE9567-40A8-40D4-8903-D7ACB7AC540D}.Release|iPhoneSimulator.ActiveCfg = Release|Any CPU
		{6CEE9567-40A8-40D4-8903-D7ACB7AC540D}.Release|iPhoneSimulator.Build.0 = Release|Any CPU
		{6CEE9567-40A8-40D4-8903-D7ACB7AC540D}.Release|x64.ActiveCfg = Release|Any CPU
		{6CEE9567-40A8-40D4-8903-D7ACB7AC540D}.Release|x64.Build.0 = Release|Any CPU
		{6CEE9567-40A8-40D4-8903-D7ACB7AC540D}.Release|x86.ActiveCfg = Release|Any CPU
		{6CEE9567-40A8-40D4-8903-D7ACB7AC540D}.Release|x86.Build.0 = Release|Any CPU
		{5CC516AF-F59A-4119-86E6-142E17276580}.Debug|Any CPU.ActiveCfg = Debug|Any CPU
		{5CC516AF-F59A-4119-86E6-142E17276580}.Debug|Any CPU.Build.0 = Debug|Any CPU
		{5CC516AF-F59A-4119-86E6-142E17276580}.Debug|arm.ActiveCfg = Debug|Any CPU
		{5CC516AF-F59A-4119-86E6-142E17276580}.Debug|arm.Build.0 = Debug|Any CPU
		{5CC516AF-F59A-4119-86E6-142E17276580}.Debug|arm64.ActiveCfg = Debug|Any CPU
		{5CC516AF-F59A-4119-86E6-142E17276580}.Debug|arm64.Build.0 = Debug|Any CPU
		{5CC516AF-F59A-4119-86E6-142E17276580}.Debug|iPhone.ActiveCfg = Debug|Any CPU
		{5CC516AF-F59A-4119-86E6-142E17276580}.Debug|iPhone.Build.0 = Debug|Any CPU
		{5CC516AF-F59A-4119-86E6-142E17276580}.Debug|iPhoneSimulator.ActiveCfg = Debug|Any CPU
		{5CC516AF-F59A-4119-86E6-142E17276580}.Debug|iPhoneSimulator.Build.0 = Debug|Any CPU
		{5CC516AF-F59A-4119-86E6-142E17276580}.Debug|x64.ActiveCfg = Debug|Any CPU
		{5CC516AF-F59A-4119-86E6-142E17276580}.Debug|x64.Build.0 = Debug|Any CPU
		{5CC516AF-F59A-4119-86E6-142E17276580}.Debug|x86.ActiveCfg = Debug|Any CPU
		{5CC516AF-F59A-4119-86E6-142E17276580}.Debug|x86.Build.0 = Debug|Any CPU
		{5CC516AF-F59A-4119-86E6-142E17276580}.Release|Any CPU.ActiveCfg = Release|Any CPU
		{5CC516AF-F59A-4119-86E6-142E17276580}.Release|Any CPU.Build.0 = Release|Any CPU
		{5CC516AF-F59A-4119-86E6-142E17276580}.Release|arm.ActiveCfg = Release|Any CPU
		{5CC516AF-F59A-4119-86E6-142E17276580}.Release|arm.Build.0 = Release|Any CPU
		{5CC516AF-F59A-4119-86E6-142E17276580}.Release|arm64.ActiveCfg = Release|Any CPU
		{5CC516AF-F59A-4119-86E6-142E17276580}.Release|arm64.Build.0 = Release|Any CPU
		{5CC516AF-F59A-4119-86E6-142E17276580}.Release|iPhone.ActiveCfg = Release|Any CPU
		{5CC516AF-F59A-4119-86E6-142E17276580}.Release|iPhone.Build.0 = Release|Any CPU
		{5CC516AF-F59A-4119-86E6-142E17276580}.Release|iPhoneSimulator.ActiveCfg = Release|Any CPU
		{5CC516AF-F59A-4119-86E6-142E17276580}.Release|iPhoneSimulator.Build.0 = Release|Any CPU
		{5CC516AF-F59A-4119-86E6-142E17276580}.Release|x64.ActiveCfg = Release|Any CPU
		{5CC516AF-F59A-4119-86E6-142E17276580}.Release|x64.Build.0 = Release|Any CPU
		{5CC516AF-F59A-4119-86E6-142E17276580}.Release|x86.ActiveCfg = Release|Any CPU
		{5CC516AF-F59A-4119-86E6-142E17276580}.Release|x86.Build.0 = Release|Any CPU
	EndGlobalSection
	GlobalSection(SolutionProperties) = preSolution
		HideSolutionNode = FALSE
	EndGlobalSection
	GlobalSection(ExtensibilityGlobals) = postSolution
		SolutionGuid = {7114B199-A22D-413D-9F38-9CBB99544DC8}
	EndGlobalSection
EndGlobal
